
Microsoft Visual Studio Solution File, Format Version 12.00
# Visual Studio Version 17
VisualStudioVersion = 17.4.33205.214
MinimumVisualStudioVersion = 10.0.40219.1
Project("{FAE04EC0-301F-11D3-BF4B-00C04F79EFBC}") = "ListingStronglyTypedEnumOptions", "ListingStronglyTypedEnumOptions\ListingStronglyTypedEnumOptions.csproj", "{A5188284-7AB9-4EA8-9F3D-CFE59245FD3A}"
EndProject
Global
	GlobalSection(SolutionConfigurationPlatforms) = preSolution
		Debug|Any CPU = Debug|Any CPU
		Release|Any CPU = Release|Any CPU
	EndGlobalSection
	GlobalSection(ProjectConfigurationPlatforms) = postSolution
		{A5188284-7AB9-4EA8-9F3D-CFE59245FD3A}.Debug|Any CPU.ActiveCfg = Debug|Any CPU
		{A5188284-7AB9-4EA8-9F3D-CFE59245FD3A}.Debug|Any CPU.Build.0 = Debug|Any CPU
		{A5188284-7AB9-4EA8-9F3D-CFE59245FD3A}.Release|Any CPU.ActiveCfg = Release|Any CPU
		{A5188284-7AB9-4EA8-9F3D-CFE59245FD3A}.Release|Any CPU.Build.0 = Release|Any CPU
	EndGlobalSection
	GlobalSection(SolutionProperties) = preSolution
		HideSolutionNode = FALSE
	EndGlobalSection
	GlobalSection(ExtensibilityGlobals) = postSolution
		SolutionGuid = {E02E61B3-0120-47E2-AC5A-B6DABAFE947E}
	EndGlobalSection
EndGlobal
